
Microsoft Visual Studio Solution File, Format Version 12.00
Project("{FAE04EC0-301F-11D3-BF4B-00C04F79EFBC}") = "DeLaSalle.Ecommerce.Api", "DeLaSalle.Ecommerce.Api\DeLaSalle.Ecommerce.Api.csproj", "{6A1BEC7B-84CF-4FFB-9DAA-AF08DC10D8A0}"
EndProject
Project("{FAE04EC0-301F-11D3-BF4B-00C04F79EFBC}") = "DeLaSalle.Ecommerce.Core", "DeLaSalle.Ecommerce.Core\DeLaSalle.Ecommerce.Core.csproj", "{2728F16F-85F6-4DA0-B267-036A01242DF9}"
EndProject
Project("{FAE04EC0-301F-11D3-BF4B-00C04F79EFBC}") = "DeLaSalle.Ecommerce.Tests", "DeLaSalle.Ecommerce.Tests\DeLaSalle.Ecommerce.Tests.csproj", "{F1328D8F-02F7-43B3-99C4-00AB538AF35E}"
EndProject
Global
	GlobalSection(SolutionConfigurationPlatforms) = preSolution
		Debug|Any CPU = Debug|Any CPU
		Release|Any CPU = Release|Any CPU
	EndGlobalSection
	GlobalSection(ProjectConfigurationPlatforms) = postSolution
		{6A1BEC7B-84CF-4FFB-9DAA-AF08DC10D8A0}.Debug|Any CPU.ActiveCfg = Debug|Any CPU
		{6A1BEC7B-84CF-4FFB-9DAA-AF08DC10D8A0}.Debug|Any CPU.Build.0 = Debug|Any CPU
		{6A1BEC7B-84CF-4FFB-9DAA-AF08DC10D8A0}.Release|Any CPU.ActiveCfg = Release|Any CPU
		{6A1BEC7B-84CF-4FFB-9DAA-AF08DC10D8A0}.Release|Any CPU.Build.0 = Release|Any CPU
		{2728F16F-85F6-4DA0-B267-036A01242DF9}.Debug|Any CPU.ActiveCfg = Debug|Any CPU
		{2728F16F-85F6-4DA0-B267-036A01242DF9}.Debug|Any CPU.Build.0 = Debug|Any CPU
		{2728F16F-85F6-4DA0-B267-036A01242DF9}.Release|Any CPU.ActiveCfg = Release|Any CPU
		{2728F16F-85F6-4DA0-B267-036A01242DF9}.Release|Any CPU.Build.0 = Release|Any CPU
		{F1328D8F-02F7-43B3-99C4-00AB538AF35E}.Debug|Any CPU.ActiveCfg = Debug|Any CPU
		{F1328D8F-02F7-43B3-99C4-00AB538AF35E}.Debug|Any CPU.Build.0 = Debug|Any CPU
		{F1328D8F-02F7-43B3-99C4-00AB538AF35E}.Release|Any CPU.ActiveCfg = Release|Any CPU
		{F1328D8F-02F7-43B3-99C4-00AB538AF35E}.Release|Any CPU.Build.0 = Release|Any CPU
	EndGlobalSection
EndGlobal
